{
  "version": 4,
  "terraform_version": "0.14.6",
  "serial": 3,
  "lineage": "8de08d7a-3e65-eee0-3d0f-07d46cdbaf5e",
  "outputs": {},
  "resources": [
    {
      "mode": "managed",
      "type": "script",
      "name": "new",
      "provider": "provider[\"registry.terraform.io/czmirek/script\"]",
      "instances": [
        {
          "schema_version": 0,
          "attributes": {
            "create": [
              "pwsh",
              "./create.ps1",
              "-NoLogo"
            ],
            "delete": [
              "pwsh",
              "./delete.ps1",
              "{{ID}}"
            ],
            "id": "Unique_ID_generated_during_creation",
            "read": [
              "pwsh",
              "./read.ps1",
              "{{ID}}",
              "-NoLogo"
            ],
            "resource": "{\"propertyA\":\"some text BLABLABLA\",\"propertyB\":5887548,\"nested\":{\"something\":true}}\r\n",
            "target_state": [
              "pwsh",
              "./target-state.ps1",
              "-NoLogo"
            ],
            "update": [
              "pwsh",
              "./update.ps1",
              "{{ID}}",
              "{{RES}}"
            ],
            "working_dir": "."
          },
          "sensitive_attributes": [],
          "private": "bnVsbA=="
        }
      ]
    }
  ]
}
