{
  "version": 4,
  "terraform_version": "0.14.6",
  "serial": 3,
  "lineage": "b4e53461-e744-daeb-ea47-edc0cd982622",
  "outputs": {},
  "resources": [
    {
      "mode": "managed",
      "type": "script",
      "name": "new",
      "provider": "provider[\"registry.terraform.io/czmirek/script\"]",
      "instances": [
        {
          "schema_version": 0,
          "attributes": {
            "create": [
              "pwsh",
              "./create.ps1",
              "-NoLogo"
            ],
            "delete": [
              "pwsh",
              "./delete.ps1",
              "##ID##"
            ],
            "id": "Unique_ID_generated_during_creation",
            "read": [
              "pwsh",
              "./read.ps1",
              "##ID##",
              "-NoLogo"
            ],
            "resource": "{\"propertyA\":\"some text ASDF\",\"propertyB\":5887548,\"nested\":{\"something\":true}}\r\n",
            "target_state": [
              "pwsh",
              "./target-state.ps1",
              "-NoLogo"
            ],
            "update": [
              "pwsh",
              "./update.ps1",
              "##ID##",
              "##RES##"
            ],
            "working_dir": "."
          },
          "sensitive_attributes": [],
          "private": "bnVsbA=="
        }
      ]
    }
  ]
}
